// !$*UTF8*$!
{
	archiveVersion = 1;
	classes = {
	};
	objectVersion = 48;
	objects = {

/* Begin PBXBuildFile section */
		0217634A1FC236A6002FDC02 /* AppDelegate.swift in Sources */ = {isa = PBXBuildFile; fileRef = 021763491FC236A6002FDC02 /* AppDelegate.swift */; };
		0217634C1FC236A6002FDC02 /* ViewController.swift in Sources */ = {isa = PBXBuildFile; fileRef = 0217634B1FC236A6002FDC02 /* ViewController.swift */; };
		0217634F1FC236A6002FDC02 /* Main.storyboard in Resources */ = {isa = PBXBuildFile; fileRef = 0217634D1FC236A6002FDC02 /* Main.storyboard */; };
		021763511FC236A6002FDC02 /* Assets.xcassets in Resources */ = {isa = PBXBuildFile; fileRef = 021763501FC236A6002FDC02 /* Assets.xcassets */; };
		021763541FC236A6002FDC02 /* LaunchScreen.storyboard in Resources */ = {isa = PBXBuildFile; fileRef = 021763521FC236A6002FDC02 /* LaunchScreen.storyboard */; };
		0217635C1FC2404E002FDC02 /* GoogleService-Info.plist in Resources */ = {isa = PBXBuildFile; fileRef = 0217635B1FC2404E002FDC02 /* GoogleService-Info.plist */; };
		026B70CF1FC32EE5009F9114 /* UNService.swift in Sources */ = {isa = PBXBuildFile; fileRef = 026B70CE1FC32EE5009F9114 /* UNService.swift */; };
		D64DEBDDE10A4DFFA3042070 /* Pods_NotificationTest.framework in Frameworks */ = {isa = PBXBuildFile; fileRef = 85A9BD5C1E61F92342EED9FB /* Pods_NotificationTest.framework */; };
/* End PBXBuildFile section */

/* Begin PBXFileReference section */
		00C0DA7BE02C3FDA8373EAB8 /* Pods-NotificationTest.release.xcconfig */ = {isa = PBXFileReference; includeInIndex = 1; lastKnownFileType = text.xcconfig; name = "Pods-NotificationTest.release.xcconfig"; path = "Pods/Target Support Files/Pods-NotificationTest/Pods-NotificationTest.release.xcconfig"; sourceTree = "<group>"; };
		021763461FC236A6002FDC02 /* NotificationTest.app */ = {isa = PBXFileReference; explicitFileType = wrapper.application; includeInIndex = 0; path = NotificationTest.app; sourceTree = BUILT_PRODUCTS_DIR; };
		021763491FC236A6002FDC02 /* AppDelegate.swift */ = {isa = PBXFileReference; lastKnownFileType = sourcecode.swift; path = AppDelegate.swift; sourceTree = "<group>"; };
		0217634B1FC236A6002FDC02 /* ViewController.swift */ = {isa = PBXFileReference; lastKnownFileType = sourcecode.swift; path = ViewController.swift; sourceTree = "<group>"; };
		0217634E1FC236A6002FDC02 /* Base */ = {isa = PBXFileReference; lastKnownFileType = file.storyboard; name = Base; path = Base.lproj/Main.storyboard; sourceTree = "<group>"; };
		021763501FC236A6002FDC02 /* Assets.xcassets */ = {isa = PBXFileReference; lastKnownFileType = folder.assetcatalog; path = Assets.xcassets; sourceTree = "<group>"; };
		021763531FC236A6002FDC02 /* Base */ = {isa = PBXFileReference; lastKnownFileType = file.storyboard; name = Base; path = Base.lproj/LaunchScreen.storyboard; sourceTree = "<group>"; };
		021763551FC236A6002FDC02 /* Info.plist */ = {isa = PBXFileReference; lastKnownFileType = text.plist.xml; path = Info.plist; sourceTree = "<group>"; };
		0217635B1FC2404E002FDC02 /* GoogleService-Info.plist */ = {isa = PBXFileReference; fileEncoding = 4; lastKnownFileType = text.plist.xml; path = "GoogleService-Info.plist"; sourceTree = "<group>"; };
		0217635D1FC240B9002FDC02 /* NotificationTest.entitlements */ = {isa = PBXFileReference; lastKnownFileType = text.plist.entitlements; path = NotificationTest.entitlements; sourceTree = "<group>"; };
		026B70CE1FC32EE5009F9114 /* UNService.swift */ = {isa = PBXFileReference; lastKnownFileType = sourcecode.swift; path = UNService.swift; sourceTree = "<group>"; };
		479624E883360705D1A43899 /* Pods-NotificationTest.debug.xcconfig */ = {isa = PBXFileReference; includeInIndex = 1; lastKnownFileType = text.xcconfig; name = "Pods-NotificationTest.debug.xcconfig"; path = "Pods/Target Support Files/Pods-NotificationTest/Pods-NotificationTest.debug.xcconfig"; sourceTree = "<group>"; };
		85A9BD5C1E61F92342EED9FB /* Pods_NotificationTest.framework */ = {isa = PBXFileReference; explicitFileType = wrapper.framework; includeInIndex = 0; path = Pods_NotificationTest.framework; sourceTree = BUILT_PRODUCTS_DIR; };
/* End PBXFileReference section */

/* Begin PBXFrameworksBuildPhase section */
		021763431FC236A6002FDC02 /* Frameworks */ = {
			isa = PBXFrameworksBuildPhase;
			buildActionMask = 2147483647;
			files = (
				D64DEBDDE10A4DFFA3042070 /* Pods_NotificationTest.framework in Frameworks */,
			);
			runOnlyForDeploymentPostprocessing = 0;
		};
/* End PBXFrameworksBuildPhase section */

/* Begin PBXGroup section */
		0217633D1FC236A6002FDC02 = {
			isa = PBXGroup;
			children = (
				021763481FC236A6002FDC02 /* NotificationTest */,
				021763471FC236A6002FDC02 /* Products */,
				0410303CA6626A1A1E96F70A /* Pods */,
				9FD9206C17C18A446A00904D /* Frameworks */,
			);
			sourceTree = "<group>";
		};
		021763471FC236A6002FDC02 /* Products */ = {
			isa = PBXGroup;
			children = (
				021763461FC236A6002FDC02 /* NotificationTest.app */,
			);
			name = Products;
			sourceTree = "<group>";
		};
		021763481FC236A6002FDC02 /* NotificationTest */ = {
			isa = PBXGroup;
			children = (
				0217635D1FC240B9002FDC02 /* NotificationTest.entitlements */,
				0217635B1FC2404E002FDC02 /* GoogleService-Info.plist */,
				021763491FC236A6002FDC02 /* AppDelegate.swift */,
				0217634B1FC236A6002FDC02 /* ViewController.swift */,
				0217634D1FC236A6002FDC02 /* Main.storyboard */,
				021763501FC236A6002FDC02 /* Assets.xcassets */,
				021763521FC236A6002FDC02 /* LaunchScreen.storyboard */,
				021763551FC236A6002FDC02 /* Info.plist */,
				026B70CE1FC32EE5009F9114 /* UNService.swift */,
			);
			path = NotificationTest;
			sourceTree = "<group>";
		};
		0410303CA6626A1A1E96F70A /* Pods */ = {
			isa = PBXGroup;
			children = (
				479624E883360705D1A43899 /* Pods-NotificationTest.debug.xcconfig */,
				00C0DA7BE02C3FDA8373EAB8 /* Pods-NotificationTest.release.xcconfig */,
			);
			name = Pods;
			sourceTree = "<group>";
		};
		9FD9206C17C18A446A00904D /* Frameworks */ = {
			isa = PBXGroup;
			children = (
				85A9BD5C1E61F92342EED9FB /* Pods_NotificationTest.framework */,
			);
			name = Frameworks;
			sourceTree = "<group>";
		};
/* End PBXGroup section */

/* Begin PBXNativeTarget section */
		021763451FC236A6002FDC02 /* NotificationTest */ = {
			isa = PBXNativeTarget;
			buildConfigurationList = 021763581FC236A6002FDC02 /* Build configuration list for PBXNativeTarget "NotificationTest" */;
			buildPhases = (
				BCE2BEF2C1E1B0CF5F5EC35D /* [CP] Check Pods Manifest.lock */,
				021763421FC236A6002FDC02 /* Sources */,
				021763431FC236A6002FDC02 /* Frameworks */,
				021763441FC236A6002FDC02 /* Resources */,
				BBBB9945BB7B188419B08384 /* [CP] Embed Pods Frameworks */,
				73BE48A583EB8DB83F5EF10F /* [CP] Copy Pods Resources */,
			);
			buildRules = (
			);
			dependencies = (
			);
			name = NotificationTest;
			productName = NotificationTest;
			productReference = 021763461FC236A6002FDC02 /* NotificationTest.app */;
			productType = "com.apple.product-type.application";
		};
/* End PBXNativeTarget section */

/* Begin PBXProject section */
		0217633E1FC236A6002FDC02 /* Project object */ = {
			isa = PBXProject;
			attributes = {
				LastSwiftUpdateCheck = 0900;
				LastUpgradeCheck = 0900;
				ORGANIZATIONNAME = "Sinisa Vukovic";
				TargetAttributes = {
					021763451FC236A6002FDC02 = {
						CreatedOnToolsVersion = 9.0.1;
						ProvisioningStyle = Manual;
						SystemCapabilities = {
							com.apple.Push = {
								enabled = 1;
							};
						};
					};
				};
			};
			buildConfigurationList = 021763411FC236A6002FDC02 /* Build configuration list for PBXProject "NotificationTest" */;
			compatibilityVersion = "Xcode 8.0";
			developmentRegion = en;
			hasScannedForEncodings = 0;
			knownRegions = (
				en,
				Base,
			);
			mainGroup = 0217633D1FC236A6002FDC02;
			productRefGroup = 021763471FC236A6002FDC02 /* Products */;
			projectDirPath = "";
			projectRoot = "";
			targets = (
				021763451FC236A6002FDC02 /* NotificationTest */,
			);
		};
/* End PBXProject section */

/* Begin PBXResourcesBuildPhase section */
		021763441FC236A6002FDC02 /* Resources */ = {
			isa = PBXResourcesBuildPhase;
			buildActionMask = 2147483647;
			files = (
				021763541FC236A6002FDC02 /* LaunchScreen.storyboard in Resources */,
				0217635C1FC2404E002FDC02 /* GoogleService-Info.plist in Resources */,
				021763511FC236A6002FDC02 /* Assets.xcassets in Resources */,
				0217634F1FC236A6002FDC02 /* Main.storyboard in Resources */,
			);
			runOnlyForDeploymentPostprocessing = 0;
		};
/* End PBXResourcesBuildPhase section */

/* Begin PBXShellScriptBuildPhase section */
		73BE48A583EB8DB83F5EF10F /* [CP] Copy Pods Resources */ = {
			isa = PBXShellScriptBuildPhase;
			buildActionMask = 2147483647;
			files = (
			);
			inputPaths = (
			);
			name = "[CP] Copy Pods Resources";
			outputPaths = (
			);
			runOnlyForDeploymentPostprocessing = 0;
			shellPath = /bin/sh;
			shellScript = "\"${SRCROOT}/Pods/Target Support Files/Pods-NotificationTest/Pods-NotificationTest-resources.sh\"\n";
			showEnvVarsInLog = 0;
		};
		BBBB9945BB7B188419B08384 /* [CP] Embed Pods Frameworks */ = {
			isa = PBXShellScriptBuildPhase;
			buildActionMask = 2147483647;
			files = (
			);
			inputPaths = (
				"${SRCROOT}/Pods/Target Support Files/Pods-NotificationTest/Pods-NotificationTest-frameworks.sh",
				"${BUILT_PRODUCTS_DIR}/GoogleToolboxForMac/GoogleToolboxForMac.framework",
				"${BUILT_PRODUCTS_DIR}/Protobuf/Protobuf.framework",
				"${BUILT_PRODUCTS_DIR}/nanopb/nanopb.framework",
			);
			name = "[CP] Embed Pods Frameworks";
			outputPaths = (
				"${TARGET_BUILD_DIR}/${FRAMEWORKS_FOLDER_PATH}/GoogleToolboxForMac.framework",
				"${TARGET_BUILD_DIR}/${FRAMEWORKS_FOLDER_PATH}/Protobuf.framework",
				"${TARGET_BUILD_DIR}/${FRAMEWORKS_FOLDER_PATH}/nanopb.framework",
			);
			runOnlyForDeploymentPostprocessing = 0;
			shellPath = /bin/sh;
			shellScript = "\"${SRCROOT}/Pods/Target Support Files/Pods-NotificationTest/Pods-NotificationTest-frameworks.sh\"\n";
			showEnvVarsInLog = 0;
		};
		BCE2BEF2C1E1B0CF5F5EC35D /* [CP] Check Pods Manifest.lock */ = {
			isa = PBXShellScriptBuildPhase;
			buildActionMask = 2147483647;
			files = (
			);
			inputPaths = (
				"${PODS_PODFILE_DIR_PATH}/Podfile.lock",
				"${PODS_ROOT}/Manifest.lock",
			);
			name = "[CP] Check Pods Manifest.lock";
			outputPaths = (
				"$(DERIVED_FILE_DIR)/Pods-NotificationTest-checkManifestLockResult.txt",
			);
			runOnlyForDeploymentPostprocessing = 0;
			shellPath = /bin/sh;
			shellScript = "diff \"${PODS_PODFILE_DIR_PATH}/Podfile.lock\" \"${PODS_ROOT}/Manifest.lock\" > /dev/null\nif [ $? != 0 ] ; then\n    # print error to STDERR\n    echo \"error: The sandbox is not in sync with the Podfile.lock. Run 'pod install' or update your CocoaPods installation.\" >&2\n    exit 1\nfi\n# This output is used by Xcode 'outputs' to avoid re-running this script phase.\necho \"SUCCESS\" > \"${SCRIPT_OUTPUT_FILE_0}\"\n";
			showEnvVarsInLog = 0;
		};
/* End PBXShellScriptBuildPhase section */

/* Begin PBXSourcesBuildPhase section */
		021763421FC236A6002FDC02 /* Sources */ = {
			isa = PBXSourcesBuildPhase;
			buildActionMask = 2147483647;
			files = (
				026B70CF1FC32EE5009F9114 /* UNService.swift in Sources */,
				0217634C1FC236A6002FDC02 /* ViewController.swift in Sources */,
				0217634A1FC236A6002FDC02 /* AppDelegate.swift in Sources */,
			);
			runOnlyForDeploymentPostprocessing = 0;
		};
/* End PBXSourcesBuildPhase section */

/* Begin PBXVariantGroup section */
		0217634D1FC236A6002FDC02 /* Main.storyboard */ = {
			isa = PBXVariantGroup;
			children = (
				0217634E1FC236A6002FDC02 /* Base */,
			);
			name = Main.storyboard;
			sourceTree = "<group>";
		};
		021763521FC236A6002FDC02 /* LaunchScreen.storyboard */ = {
			isa = PBXVariantGroup;
			children = (
				021763531FC236A6002FDC02 /* Base */,
			);
			name = LaunchScreen.storyboard;
			sourceTree = "<group>";
		};
/* End PBXVariantGroup section */

/* Begin XCBuildConfiguration section */
		021763561FC236A6002FDC02 /* Debug */ = {
			isa = XCBuildConfiguration;
			buildSettings = {
				ALWAYS_SEARCH_USER_PATHS = NO;
				CLANG_ANALYZER_NONNULL = YES;
				CLANG_ANALYZER_NUMBER_OBJECT_CONVERSION = YES_AGGRESSIVE;
				CLANG_CXX_LANGUAGE_STANDARD = "gnu++14";
				CLANG_CXX_LIBRARY = "libc++";
				CLANG_ENABLE_MODULES = YES;
				CLANG_ENABLE_OBJC_ARC = YES;
				CLANG_WARN_BLOCK_CAPTURE_AUTORELEASING = YES;
				CLANG_WARN_BOOL_CONVERSION = YES;
				CLANG_WARN_COMMA = YES;
				CLANG_WARN_CONSTANT_CONVERSION = YES;
				CLANG_WARN_DIRECT_OBJC_ISA_USAGE = YES_ERROR;
				CLANG_WARN_DOCUMENTATION_COMMENTS = YES;
				CLANG_WARN_EMPTY_BODY = YES;
				CLANG_WARN_ENUM_CONVERSION = YES;
				CLANG_WARN_INFINITE_RECURSION = YES;
				CLANG_WARN_INT_CONVERSION = YES;
				CLANG_WARN_NON_LITERAL_NULL_CONVERSION = YES;
				CLANG_WARN_OBJC_LITERAL_CONVERSION = YES;
				CLANG_WARN_OBJC_ROOT_CLASS = YES_ERROR;
				CLANG_WARN_RANGE_LOOP_ANALYSIS = YES;
				CLANG_WARN_STRICT_PROTOTYPES = YES;
				CLANG_WARN_SUSPICIOUS_MOVE = YES;
				CLANG_WARN_UNGUARDED_AVAILABILITY = YES_AGGRESSIVE;
				CLANG_WARN_UNREACHABLE_CODE = YES;
				CLANG_WARN__DUPLICATE_METHOD_MATCH = YES;
				CODE_SIGN_IDENTITY = "iPhone Developer";
				COPY_PHASE_STRIP = NO;
				DEBUG_INFORMATION_FORMAT = dwarf;
				ENABLE_STRICT_OBJC_MSGSEND = YES;
				ENABLE_TESTABILITY = YES;
				GCC_C_LANGUAGE_STANDARD = gnu11;
				GCC_DYNAMIC_NO_PIC = NO;
				GCC_NO_COMMON_BLOCKS = YES;
				GCC_OPTIMIZATION_LEVEL = 0;
				GCC_PREPROCESSOR_DEFINITIONS = (
					"DEBUG=1",
					"$(inherited)",
				);
				GCC_WARN_64_TO_32_BIT_CONVERSION = YES;
				GCC_WARN_ABOUT_RETURN_TYPE = YES_ERROR;
				GCC_WARN_UNDECLARED_SELECTOR = YES;
				GCC_WARN_UNINITIALIZED_AUTOS = YES_AGGRESSIVE;
				GCC_WARN_UNUSED_FUNCTION = YES;
				GCC_WARN_UNUSED_VARIABLE = YES;
				IPHONEOS_DEPLOYMENT_TARGET = 11.0;
				MTL_ENABLE_DEBUG_INFO = YES;
				ONLY_ACTIVE_ARCH = YES;
				SDKROOT = iphoneos;
				SWIFT_ACTIVE_COMPILATION_CONDITIONS = DEBUG;
				SWIFT_OPTIMIZATION_LEVEL = "-Onone";
			};
			name = Debug;
		};
		021763571FC236A6002FDC02 /* Release */ = {
			isa = XCBuildConfiguration;
			buildSettings = {
				ALWAYS_SEARCH_USER_PATHS = NO;
				CLANG_ANALYZER_NONNULL = YES;
				CLANG_ANALYZER_NUMBER_OBJECT_CONVERSION = YES_AGGRESSIVE;
				CLANG_CXX_LANGUAGE_STANDARD = "gnu++14";
				CLANG_CXX_LIBRARY = "libc++";
				CLANG_ENABLE_MODULES = YES;
				CLANG_ENABLE_OBJC_ARC = YES;
				CLANG_WARN_BLOCK_CAPTURE_AUTORELEASING = YES;
				CLANG_WARN_BOOL_CONVERSION = YES;
				CLANG_WARN_COMMA = YES;
				CLANG_WARN_CONSTANT_CONVERSION = YES;
				CLANG_WARN_DIRECT_OBJC_ISA_USAGE = YES_ERROR;
				CLANG_WARN_DOCUMENTATION_COMMENTS = YES;
				CLANG_WARN_EMPTY_BODY = YES;
				CLANG_WARN_ENUM_CONVERSION = YES;
				CLANG_WARN_INFINITE_RECURSION = YES;
				CLANG_WARN_INT_CONVERSION = YES;
				CLANG_WARN_NON_LITERAL_NULL_CONVERSION = YES;
				CLANG_WARN_OBJC_LITERAL_CONVERSION = YES;
				CLANG_WARN_OBJC_ROOT_CLASS = YES_ERROR;
				CLANG_WARN_RANGE_LOOP_ANALYSIS = YES;
				CLANG_WARN_STRICT_PROTOTYPES = YES;
				CLANG_WARN_SUSPICIOUS_MOVE = YES;
				CLANG_WARN_UNGUARDED_AVAILABILITY = YES_AGGRESSIVE;
				CLANG_WARN_UNREACHABLE_CODE = YES;
				CLANG_WARN__DUPLICATE_METHOD_MATCH = YES;
				CODE_SIGN_IDENTITY = "iPhone Developer";
				COPY_PHASE_STRIP = NO;
				DEBUG_INFORMATION_FORMAT = "dwarf-with-dsym";
				ENABLE_NS_ASSERTIONS = NO;
				ENABLE_STRICT_OBJC_MSGSEND = YES;
				GCC_C_LANGUAGE_STANDARD = gnu11;
				GCC_NO_COMMON_BLOCKS = YES;
				GCC_WARN_64_TO_32_BIT_CONVERSION = YES;
				GCC_WARN_ABOUT_RETURN_TYPE = YES_ERROR;
				GCC_WARN_UNDECLARED_SELECTOR = YES;
				GCC_WARN_UNINITIALIZED_AUTOS = YES_AGGRESSIVE;
				GCC_WARN_UNUSED_FUNCTION = YES;
				GCC_WARN_UNUSED_VARIABLE = YES;
				IPHONEOS_DEPLOYMENT_TARGET = 11.0;
				MTL_ENABLE_DEBUG_INFO = NO;
				SDKROOT = iphoneos;
				SWIFT_OPTIMIZATION_LEVEL = "-Owholemodule";
				VALIDATE_PRODUCT = YES;
			};
			name = Release;
		};
		021763591FC236A6002FDC02 /* Debug */ = {
			isa = XCBuildConfiguration;
			baseConfigurationReference = 479624E883360705D1A43899 /* Pods-NotificationTest.debug.xcconfig */;
			buildSettings = {
				ASSETCATALOG_COMPILER_APPICON_NAME = AppIcon;
				CODE_SIGN_ENTITLEMENTS = NotificationTest/NotificationTest.entitlements;
				"CODE_SIGN_IDENTITY[sdk=iphoneos*]" = "iPhone Developer";
				CODE_SIGN_STYLE = Manual;
				DEVELOPMENT_TEAM = M4EZX96SV5;
				INFOPLIST_FILE = NotificationTest/Info.plist;
				IPHONEOS_DEPLOYMENT_TARGET = 10.3;
				LD_RUNPATH_SEARCH_PATHS = "$(inherited) @executable_path/Frameworks";
				PRODUCT_BUNDLE_IDENTIFIER = "com.tvornica-snova.noitf.test.NotificationTest";
				PRODUCT_NAME = "$(TARGET_NAME)";
				PROVISIONING_PROFILE = "ca682cbb-656d-4f9e-bccb-49f748d93433";
				PROVISIONING_PROFILE_SPECIFIER = "NotifTest-Development-Profile";
				SWIFT_VERSION = 4.0;
				TARGETED_DEVICE_FAMILY = "1,2";
			};
			name = Debug;
		};
		0217635A1FC236A6002FDC02 /* Release */ = {
			isa = XCBuildConfiguration;
			baseConfigurationReference = 00C0DA7BE02C3FDA8373EAB8 /* Pods-NotificationTest.release.xcconfig */;
			buildSettings = {
				ASSETCATALOG_COMPILER_APPICON_NAME = AppIcon;
				CODE_SIGN_ENTITLEMENTS = NotificationTest/NotificationTest.entitlements;
				"CODE_SIGN_IDENTITY[sdk=iphoneos*]" = "iPhone Developer";
				CODE_SIGN_STYLE = Manual;
				DEVELOPMENT_TEAM = M4EZX96SV5;
				INFOPLIST_FILE = NotificationTest/Info.plist;
				IPHONEOS_DEPLOYMENT_TARGET = 10.3;
				LD_RUNPATH_SEARCH_PATHS = "$(inherited) @executable_path/Frameworks";
				PRODUCT_BUNDLE_IDENTIFIER = "com.tvornica-snova.noitf.test.NotificationTest";
				PRODUCT_NAME = "$(TARGET_NAME)";
				PROVISIONING_PROFILE = "ca682cbb-656d-4f9e-bccb-49f748d93433";
				PROVISIONING_PROFILE_SPECIFIER = "NotifTest-Development-Profile";
				SWIFT_VERSION = 4.0;
				TARGETED_DEVICE_FAMILY = "1,2";
			};
			name = Release;
		};
/* End XCBuildConfiguration section */

/* Begin XCConfigurationList section */
		021763411FC236A6002FDC02 /* Build configuration list for PBXProject "NotificationTest" */ = {
			isa = XCConfigurationList;
			buildConfigurations = (
				021763561FC236A6002FDC02 /* Debug */,
				021763571FC236A6002FDC02 /* Release */,
			);
			defaultConfigurationIsVisible = 0;
			defaultConfigurationName = Release;
		};
		021763581FC236A6002FDC02 /* Build configuration list for PBXNativeTarget "NotificationTest" */ = {
			isa = XCConfigurationList;
			buildConfigurations = (
				021763591FC236A6002FDC02 /* Debug */,
				0217635A1FC236A6002FDC02 /* Release */,
			);
			defaultConfigurationIsVisible = 0;
			defaultConfigurationName = Release;
		};
/* End XCConfigurationList section */
	};
	rootObject = 0217633E1FC236A6002FDC02 /* Project object */;
}
